github.com/caarlos0/env v3.5.0+incompatible h1:Yy0UN8o9Wtr/jGHZDpCBLpNrzcFLLM2yixi/rBrKyJs=
github.com/caarlos0/env v3.5.0+incompatible/go.mod h1:tdCsowwCzMLdkqRYDlHpZCp2UooDD3MspDBjZ2AD02Y=
github.com/eclipse/paho.mqtt.golang v1.1.1 h1:iPJYXJLaViCshRTW/PSqImSS6HJ2Rf671WR0bXZ2GIU=
github.com/eclipse/paho.mqtt.golang v1.1.1/go.mod h1:H9keYFcgq3Qr5OUJm/JZI/i6U7joQ8SYLhZwfeOo6Ts=
golang.org/x/net v0.0.0-20181108082009-03003ca0c849 h1:FSqE2GGG7wzsYUsWiQ8MZrvEd1EOyU3NCF0AW3Wtltg=
golang.org/x/net v0.0.0-20181108082009-03003ca0c849/go.mod h1:mL1N/T3taQHkDXs73rZJwtUhF3w3ftmwwsq0BUmARs4=
